github.com/RyuaNerin/go-krypto v1.3.0 h1:smavTzSMAx8iuVlGb4pEwl9MD2qicqMzuXR2QWp2/Pg=
github.com/RyuaNerin/go-krypto v1.3.0/go.mod h1:9R9TU936laAIqAmjcHo/LsaXYOZlymudOAxjaBf62UM=
github.com/RyuaNerin/testingutil v0.1.0 h1:IYT6JL57RV3U2ml3dLHZsVtPOP6yNK7WUVdzzlpNrss=
github.com/RyuaNerin/testingutil v0.1.0/go.mod h1:yTqj6Ta/ycHMPJHRyO12Mz3VrvTloWOsy23WOZH19AA=
github.com/Yawning/aez v0.0.0-20211027044916-e49e68abd344 h1:cDVUiFo+npB0ZASqnw4q90ylaVAbnYyx0JYqK4YcGok=
github.com/Yawning/aez v0.0.0-20211027044916-e49e68abd344/go.mod h1:9pIqrY6SXNL8vjRQE5Hd/OL5GyK/9MrGUWs87z/eFfk=
github.com/andybalholm/brotli v1.2.0 h1:ukwgCxwYrmACq68yiUqwIWnGY0cTPox/M94sVwToPjQ=
github.com/andybalholm/brotli v1.2.0/go.mod h1:rzTDkvFWvIrjDXZHkuS16NPggd91W3kUSvPlQ1pLaKY=
github.com/bahlo/generic-list-go v0.2.0 h1:5sz/EEAK+ls5wF+NeqDpk5+iNdMDXrh3z3nPnH1Wvgk=
github.com/bahlo/generic-list-go v0.2.0/go.mod h1:2KvAjgMlE5NNynlg/5iLrrCCZ2+5xWbdbCW3pNTGyYg=
github.com/beck-8/2clash v0.0.0-20260420045119-42270efca3e0 h1:F2ncoevlyHR103tASNrrQYyAlb16txLiDF3azE2XUfk=
github.com/beck-8/2clash v0.0.0-20260420045119-42270efca3e0/go.mod h1:qBNBd2m2jtqDXmfVaFFmRenVczsLTbMoc4WXoq0Gnyc=
github.com/biter777/countries v1.7.5 h1:MJ+n3+rSxWQdqVJU8eBy9RqcdH6ePPn4PJHocVWUa+Q=
github.com/biter777/countries v1.7.5/go.mod h1:1HSpZ526mYqKJcpT5Ti1kcGQ0L0SrXWIaptUWjFfv2E=
github.com/blang/semver v3.5.1+incompatible/go.mod h1:kRBLl5iJ+tD4TcOOxsy/0fnwebNt5EWlYSAyrTnjyyk=
github.com/bytedance/gopkg v0.1.3 h1:TPBSwH8RsouGCBcMBktLt1AymVo2TVsBVCY4b6TnZ/M=
github.com/bytedance/gopkg v0.1.3/go.mod h1:576VvJ+eJgyCzdjS+c4+77QF3p7ubbtiKARP3TxducM=
github.com/bytedance/sonic v1.15.0 h1:/PXeWFaR5ElNcVE84U0dOHjiMHQOwNIx3K4ymzh/uSE=
github.com/bytedance/sonic v1.15.0/go.mod h1:tFkWrPz0/CUCLEF4ri4UkHekCIcdnkqXw9VduqpJh0k=
github.com/bytedance/sonic/loader v0.5.0 h1:gXH3KVnatgY7loH5/TkeVyXPfESoqSBSBEiDd5VjlgE=
github.com/bytedance/sonic/loader v0.5.0/go.mod h1:AR4NYCk5DdzZizZ5djGqQ92eEhCCcdf5x77udYiSJRo=
github.com/cloudwego/base64x v0.1.6 h1:t11wG9AECkCDk5fMSoxmufanudBtJ+/HemLstXDLI2M=
github.com/cloudwego/base64x v0.1.6/go.mod h1:OFcloc187FXDaYHvrNIjxSe8ncn0OOM8gEHfghB2IPU=
github.com/coreos/go-iptables v0.8.0 h1:MPc2P89IhuVpLI7ETL/2tx3XZ61VeICZjYqDEgNsPRc=
github.com/coreos/go-iptables v0.8.0/go.mod h1:Qe8Bv2Xik5FyTXwgIbLAnv2sWSBmvWdFETJConOQ//Q=
github.com/davecgh/go-spew v1.1.0/go.mod h1:J7Y8YcW2NihsgmVo/mv3lAwl/skON4iLHjSsI+c5H38=
github.com/davecgh/go-spew v1.1.1 h1:vj9j/u1bqnvCEfJOwUhtlOARqs3+rkHYY13jYWTU97c=
github.com/davecgh/go-spew v1.1.1/go.mod h1:J7Y8YcW2NihsgmVo/mv3lAwl/skON4iLHjSsI+c5H38=
github.com/docker/go-units v0.5.0 h1:69rxXcBk27SvSaaxTtLh/8llcHD8vYHT7WSdRZ/jvr4=
github.com/docker/go-units v0.5.0/go.mod h1:fgPhTUdO+D/Jk86RDLlptpiXQzgHJF7gydDDbaIK4Dk=
github.com/dunglas/httpsfv v1.0.2 h1:iERDp/YAfnojSDJ7PW3dj1AReJz4MrwbECSSE59JWL0=
github.com/dunglas/httpsfv v1.0.2/go.mod h1:zID2mqw9mFsnt7YC3vYQ9/cjq30q41W+1AnDwH8TiMg=
github.com/dustin/go-humanize v1.0.1 h1:GzkhY7T5VNhEkwH0PVJgjz+fX1rhBrR7pRT3mDkpeCY=
github.com/dustin/go-humanize v1.0.1/go.mod h1:Mu1zIs6XwVuF/gI1OepvI0qD18qycQx+mFykh5fBlto=
github.com/ebitengine/purego v0.9.1 h1:a/k2f2HQU3Pi399RPW1MOaZyhKJL9w/xFpKAg4q1s0A=
github.com/ebitengine/purego v0.9.1/go.mod h1:iIjxzd6CiRiOG0UyXP+V1+jWqUXVjPKLAI0mRfJZTmQ=
github.com/enfein/mieru/v3 v3.31.0 h1:Fl2ocRCRXJzMygzdRjBHgqI996ZuIDHUmyQyovSf9sA=
github.com/enfein/mieru/v3 v3.31.0/go.mod h1:zJBUCsi5rxyvHM8fjFf+GLaEl4OEjjBXr1s5F6Qd3hM=
github.com/ericlagergren/aegis v0.0.0-20250325060835-cd0defd64358 h1:kXYqH/sL8dS/FdoFjr12ePjnLPorPo2FsnrHNuXSDyo=
github.com/ericlagergren/aegis v0.0.0-20250325060835-cd0defd64358/go.mod h1:hkIFzoiIPZYxdFOOLyDho59b7SrDfo+w3h+yWdlg45I=
github.com/ericlagergren/polyval v0.0.0-20230805202542-18692a1b76f9 h1:NUmyvuwVoDsIFzOGFKW4zpCtQTbX2T4JpSn1jal64gM=
github.com/ericlagergren/polyval v0.0.0-20230805202542-18692a1b76f9/go.mod h1:aXxf//HFNaacVV7/YZ8qevpNZAEoxSCpoBjscNhjrCI=
github.com/ericlagergren/saferand v0.0.0-20220206064634-960a4dd2bc5c h1:RUzBDdZ+e/HEe2Nh8lYsduiPAZygUfVXJn0Ncj5sHMg=
github.com/ericlagergren/saferand v0.0.0-20220206064634-960a4dd2bc5c/go.mod h1:ETASDWf/FmEb6Ysrtd1QhjNedUU/ZQxBCRLh60bQ/UI=
github.com/ericlagergren/siv v0.0.0-20220507050439-0b757b3aa5f1 h1:tlDMEdcPRQKBEz5nGDMvswiajqh7k8ogWRlhRwKy5mY=
github.com/ericlagergren/siv v0.0.0-20220507050439-0b757b3aa5f1/go.mod h1:4RfsapbGx2j/vU5xC/5/9qB3kn9Awp1YDiEnN43QrJ4=
github.com/ericlagergren/subtle v0.0.0-20220507045147-890d697da010 h1:fuGucgPk5dN6wzfnxl3D0D3rVLw4v2SbBT9jb4VnxzA=
github.com/ericlagergren/subtle v0.0.0-20220507045147-890d697da010/go.mod h1:JtBcj7sBuTTRupn7c2bFspMDIObMJsVK8TeUvpShPok=
github.com/ericlagergren/testutil v0.0.0-20220814024112-d21c9429edc2 h1:j9adob+s2qXdvdeJywrVifDfHAIq0XwoaK/0q4D1BGw=
github.com/ericlagergren/testutil v0.0.0-20220814024112-d21c9429edc2/go.mod h1:E4aJHbNMb6zjyVd1Mrpf3FIJ6kAtnVUq2yl0T6DHZ/I=
github.com/fsnotify/fsnotify v1.9.0 h1:2Ml+OJNzbYCTzsxtv8vKSFD9PbJjmhYF14k/jKC7S9k=
github.com/fsnotify/fsnotify v1.9.0/go.mod h1:8jBTzvmWwFyi3Pb8djgCCO5IBqzKJ/Jwo8TRcHyHii0=
github.com/gabriel-vasile/mimetype v1.4.12 h1:e9hWvmLYvtp846tLHam2o++qitpguFiYCKbn0w9jyqw=
github.com/gabriel-vasile/mimetype v1.4.12/go.mod h1:d+9Oxyo1wTzWdyVUPMmXFvp4F9tea18J8ufA774AB3s=
github.com/gaukas/godicttls v0.0.4 h1:NlRaXb3J6hAnTmWdsEKb9bcSBD6BvcIjdGdeb0zfXbk=
github.com/gaukas/godicttls v0.0.4/go.mod h1:l6EenT4TLWgTdwslVb4sEMOCf7Bv0JAK67deKr9/NCI=
github.com/gin-contrib/pprof v1.5.4 h1:daxf2UNZw5IEx6WBdcpnEzgeDfkp083KdjUAFuMEkK4=
github.com/gin-contrib/pprof v1.5.4/go.mod h1:AUxwt9kgpJGWiytj6RorBqRMyFuOQk7dPNfM9nHEY9I=
github.com/gin-contrib/sse v1.1.0 h1:n0w2GMuUpWDVp7qSpvze6fAu9iRxJY4Hmj6AmBOU05w=
github.com/gin-contrib/sse v1.1.0/go.mod h1:hxRZ5gVpWMT7Z0B0gSNYqqsSCNIJMjzvm6fqCz9vjwM=
github.com/gin-gonic/gin v1.12.0 h1:b3YAbrZtnf8N//yjKeU2+MQsh2mY5htkZidOM7O0wG8=
github.com/gin-gonic/gin v1.12.0/go.mod h1:VxccKfsSllpKshkBWgVgRniFFAzFb9csfngsqANjnLc=
github.com/go-ini/ini v1.67.0 h1:z6ZrTEZqSWOTyH2FlglNbNgARyHG8oLW9gMELqKr06A=
github.com/go-ini/ini v1.67.0/go.mod h1:ByCAeIL28uOIIG0E3PJtZPDL8WnHpFKFOtgjp+3Ies8=
github.com/go-ole/go-ole v1.2.6/go.mod h1:pprOEPIfldk/42T2oK7lQ4v4JSDwmV0As9GaiUsvbm0=
github.com/go-ole/go-ole v1.3.0 h1:Dt6ye7+vXGIKZ7Xtk4s6/xVdGDQynvom7xCFEdWr6uE=
github.com/go-ole/go-ole v1.3.0/go.mod h1:5LS6F96DhAwUc7C+1HLexzMXY1xGRSryjyPPKW6zv78=
github.com/go-playground/assert/v2 v2.2.0 h1:JvknZsQTYeFEAhQwI4qEt9cyV5ONwRHC+lYKSsYSR8s=
github.com/go-playground/assert/v2 v2.2.0/go.mod h1:VDjEfimB/XKnb+ZQfWdccd7VUvScMdVu0Titje2rxJ4=
github.com/go-playground/locales v0.14.1 h1:EWaQ/wswjilfKLTECiXz7Rh+3BjFhfDFKv/oXslEjJA=
github.com/go-playground/locales v0.14.1/go.mod h1:hxrqLVvrK65+Rwrd5Fc6F2O76J/NuW9t0sjnWqG1slY=
github.com/go-playground/universal-translator v0.18.1 h1:Bcnm0ZwsGyWbCzImXv+pAJnYK9S473LQFuzCbDbfSFY=
github.com/go-playground/universal-translator v0.18.1/go.mod h1:xekY+UJKNuX9WP91TpwSH2VMlDf28Uj24BCp08ZFTUY=
github.com/go-playground/validator/v10 v10.30.1 h1:f3zDSN/zOma+w6+1Wswgd9fLkdwy06ntQJp0BBvFG0w=
github.com/go-playground/validator/v10 v10.30.1/go.mod h1:oSuBIQzuJxL//3MelwSLD5hc2Tu889bF0Idm9Dg26cM=
github.com/gobwas/httphead v0.1.0 h1:exrUm0f4YX0L7EBwZHuCF4GDp8aJfVeBrlLQrs6NqWU=
github.com/gobwas/httphead v0.1.0/go.mod h1:O/RXo79gxV8G+RqlR/otEwx4Q36zl9rqC5u12GKvMCM=
github.com/gobwas/pool v0.2.1 h1:xfeeEhW7pwmX8nuLVlqbzVc7udMDrwetjEv+TZIz1og=
github.com/gobwas/pool v0.2.1/go.mod h1:q8bcK0KcYlCgd9e7WYLm9LpyS+YeLd8JVDW6WezmKEw=
github.com/gobwas/ws v1.4.0 h1:CTaoG1tojrh4ucGPcoJFiAQUAsEWekEWvLy7GsVNqGs=
github.com/gobwas/ws v1.4.0/go.mod h1:G3gNqMNtPppf5XUz7O4shetPpcZ1VJ7zt18dlUeakrc=
github.com/goccy/go-json v0.10.5 h1:Fq85nIqj+gXn/S5ahsiTlK3TmC85qgirsdTP/+DeaC4=
github.com/goccy/go-json v0.10.5/go.mod h1:oq7eo15ShAhp70Anwd5lgX2pLfOS3QCiwU/PULtXL6M=
github.com/goccy/go-yaml v1.19.2 h1:PmFC1S6h8ljIz6gMRBopkjP1TVT7xuwrButHID66PoM=
github.com/goccy/go-yaml v1.19.2/go.mod h1:XBurs7gK8ATbW4ZPGKgcbrY1Br56PdM69F7LkFRi1kA=
github.com/gofrs/uuid/v5 v5.4.0 h1:EfbpCTjqMuGyq5ZJwxqzn3Cbr2d0rUZU7v5ycAk/e/0=
github.com/gofrs/uuid/v5 v5.4.0/go.mod h1:CDOjlDMVAtN56jqyRUZh58JT31Tiw7/oQyEXZV+9bD8=
github.com/golang/protobuf v1.3.1/go.mod h1:6lQm79b+lXiMfvg/cZm0SGofjICqVBUtrP5yJMmIC1U=
github.com/golang/snappy v1.0.0 h1:Oy607GVXHs7RtbggtPBnr2RmDArIsAefDwvrdWvRhGs=
github.com/golang/snappy v1.0.0/go.mod h1:/XxbfmMg8lxefKM7IXC3fBNl/7bRcc72aCRzEWrmP2Q=
github.com/google/btree v1.1.3 h1:CVpQJjYgC4VbzxeGVHfvZrv1ctoYCAI8vbl07Fcxlyg=
github.com/google/btree v1.1.3/go.mod h1:qOPhT0dTNdNzV6Z/lhRX0YXUafgPLFUh+gZMl761Gm4=
github.com/google/go-cmp v0.7.0 h1:wk8382ETsv4JYUZwIsn6YpYiWiBsYLSJiTsyBybVuN8=
github.com/google/go-cmp v0.7.0/go.mod h1:pXiqmnSA92OHEEa9HXL2W4E7lf9JzCmGVUdgjX3N/iU=
github.com/google/gofuzz v1.0.0/go.mod h1:dBl0BpW6vV/+mYPU4Po3pmUjxk6FQPldtuIdl/M65Eg=
github.com/google/tink/go v1.6.1 h1:t7JHqO8Ath2w2ig5vjwQYJzhGEZymedQc90lQXUBa4I=
github.com/google/tink/go v1.6.1/go.mod h1:IGW53kTgag+st5yPhKKwJ6u2l+SSp5/v9XF7spovjlY=
github.com/google/uuid v1.6.0 h1:NIvaJDMOsjHA8n1jAhLSgzrAzy1Hgr+hNrb57e+94F0=
github.com/google/uuid v1.6.0/go.mod h1:TIyPZe4MgqvfeYDBFedMoGGpEw/LqOeaOT+nhxU+yHo=
github.com/insomniacslk/dhcp v0.0.0-20250417080101-5f8cf70e8c5f h1:dd33oobuIv9PcBVqvbEiCXEbNTomOHyj3WFuC5YiPRU=
github.com/insomniacslk/dhcp v0.0.0-20250417080101-5f8cf70e8c5f/go.mod h1:zhFlBeJssZ1YBCMZ5Lzu1pX4vhftDvU10WUVb1uXKtM=
github.com/josharian/native v1.1.0 h1:uuaP0hAbW7Y4l0ZRQ6C9zfb7Mg1mbFKry/xzDAfmtLA=
github.com/josharian/native v1.1.0/go.mod h1:7X/raswPFr05uY3HiLlYeyQntB6OO7E/d2Cu7qoaN2w=
github.com/json-iterator/go v1.1.12 h1:PV8peI4a0ysnczrg+LtxykD8LfKY9ML6u2jnxaEnrnM=
github.com/json-iterator/go v1.1.12/go.mod h1:e30LSqwooZae/UwlEbR2852Gd8hjQvJoHmT4TnhNGBo=
github.com/juju/ratelimit v1.0.2 h1:sRxmtRiajbvrcLQT7S+JbqU0ntsb9W2yhSdNN8tWfaI=
github.com/juju/ratelimit v1.0.2/go.mod h1:qapgC/Gy+xNh9UxzV13HGGl/6UXNN+ct+vwSgWNm/qk=
github.com/klauspost/compress v1.18.0 h1:c/Cqfb0r+Yi+JtIEq73FWXVkRonBlf0CRNYc8Zttxdo=
github.com/klauspost/compress v1.18.0/go.mod h1:2Pp+KzxcywXVXMr50+X0Q/Lsb43OQHYWRCY2AiWywWQ=
github.com/klauspost/cpuid/v2 v2.0.1/go.mod h1:FInQzS24/EEf25PyTYn52gqo7WaD8xa0213Md/qVLRg=
github.com/klauspost/cpuid/v2 v2.3.0 h1:S4CRMLnYUhGeDFDqkGriYKdfoFlDnMtqTiI/sFzhA9Y=
github.com/klauspost/cpuid/v2 v2.3.0/go.mod h1:hqwkgyIinND0mEev00jJYCxPNVRVXFQeu1XKlok6oO0=
github.com/klauspost/reedsolomon v1.12.3 h1:tzUznbfc3OFwJaTebv/QdhnFf2Xvb7gZ24XaHLBPmdc=
github.com/klauspost/reedsolomon v1.12.3/go.mod h1:3K5rXwABAvzGeR01r6pWZieUALXO/Tq7bFKGIb4m4WI=
github.com/kr/pretty v0.3.1 h1:flRD4NNwYAUpkphVc1HcthR4KEIFJ65n8Mw5qdRn3LE=
github.com/kr/pretty v0.3.1/go.mod h1:hoEshYVHaxMs3cyo3Yncou5ZscifuDolrwPKZanG3xk=
github.com/kr/text v0.2.0 h1:5Nx0Ya0ZqY2ygV366QzturHI13Jq95ApcVaJBhpS+AY=
github.com/kr/text v0.2.0/go.mod h1:eLer722TekiGuMkidMxC/pM04lWEeraHUUmBw8l2grE=
github.com/leodido/go-urn v1.4.0 h1:WT9HwE9SGECu3lg4d/dIA+jxlljEa1/ffXKmRjqdmIQ=
github.com/leodido/go-urn v1.4.0/go.mod h1:bvxc+MVxLKB4z00jd1z+Dvzr47oO32F/QSNjSBOlFxI=
github.com/lmittmann/tint v1.1.2 h1:2CQzrL6rslrsyjqLDwD11bZ5OpLBPU+g3G/r5LSfS8w=
github.com/lmittmann/tint v1.1.2/go.mod h1:HIS3gSy7qNwGCj+5oRjAutErFBl4BzdQP6cJZ0NfMwE=
github.com/lufia/plan9stats v0.0.0-20250827001030-24949be3fa54 h1:mFWunSatvkQQDhpdyuFAYwyAan3hzCuma+Pz8sqvOfg=
github.com/lufia/plan9stats v0.0.0-20250827001030-24949be3fa54/go.mod h1:autxFIvghDt3jPTLoqZ9OZ7s9qTGNAWmYCjVFWPX/zg=
github.com/mattn/go-isatty v0.0.20 h1:xfD0iDuEKnDkl03q4limB+vH+GxLEtL/jb4xVJSWWEY=
github.com/mattn/go-isatty v0.0.20/go.mod h1:W+V8PltTTMOvKvAeJH7IuucS94S2C6jfK/D7dTCTo3Y=
github.com/mdlayher/netlink v1.7.2 h1:/UtM3ofJap7Vl4QWCPDGXY8d3GIY2UGSDbK+QWmY8/g=
github.com/mdlayher/netlink v1.7.2/go.mod h1:xraEF7uJbxLhc5fpHL4cPe221LI2bdttWlU+ZGLfQSw=
github.com/mdlayher/socket v0.5.1 h1:VZaqt6RkGkt2OE9l3GcC6nZkqD3xKeQLyfleW/uBcos=
github.com/mdlayher/socket v0.5.1/go.mod h1:TjPLHI1UgwEv5J1B5q0zTZq12A/6H7nKmtTanQE37IQ=
github.com/metacubex/amneziawg-go v0.0.0-20251104174305-5a0e9f7e361d h1:vAJ0ZT4aO803F1uw2roIA9yH7Sxzox34tVVyye1bz6c=
github.com/metacubex/amneziawg-go v0.0.0-20251104174305-5a0e9f7e361d/go.mod h1:MsM/5czONyXMJ3PRr5DbQ4O/BxzAnJWOIcJdLzW6qHY=
github.com/metacubex/ascon v0.1.0 h1:6ZWxmXYszT1XXtwkf6nxfFhc/OTtQ9R3Vyj1jN32lGM=
github.com/metacubex/ascon v0.1.0/go.mod h1:eV5oim4cVPPdEL8/EYaTZ0iIKARH9pnhAK/fcT5Kacc=
github.com/metacubex/bart v0.26.0 h1:d/bBTvVatfVWGfQbiDpYKI1bXUJgjaabB2KpK1Tnk6w=
github.com/metacubex/bart v0.26.0/go.mod h1:DCcyfP4MC+Zy7sLK7XeGuMw+P5K9mIRsYOBgiE8icsI=
github.com/metacubex/bbolt v0.0.0-20250725135710-010dbbbb7a5b h1:j7dadXD8I2KTmMt8jg1JcaP1ANL3JEObJPdANKcSYPY=
github.com/metacubex/bbolt v0.0.0-20250725135710-010dbbbb7a5b/go.mod h1:+WmP0VJZDkDszvpa83HzfUp6QzARl/IKkMorH4+nODw=
github.com/metacubex/blake3 v0.1.0 h1:KGnjh/56REO7U+cgZA8dnBhxdP7jByrG7hTP+bu6cqY=
github.com/metacubex/blake3 v0.1.0/go.mod h1:CCkLdzFrqf7xmxCdhQFvJsRRV2mwOLDoSPg6vUTB9Uk=
github.com/metacubex/chacha v0.1.5 h1:fKWMb/5c7ZrY8Uoqi79PPFxl+qwR7X/q0OrsAubyX2M=
github.com/metacubex/chacha v0.1.5/go.mod h1:Djn9bPZxLTXbJFSeyo0/qzEzQI+gUSSzttuzZM75GH8=
github.com/metacubex/connect-ip-go v0.0.0-20260412152424-e1625567920a h1:Ph5UfTWDsGruZ+v95Df1ycTflQFmpZBFg2LUvj2kx/M=
github.com/metacubex/connect-ip-go v0.0.0-20260412152424-e1625567920a/go.mod h1:xYC8Ik7/rN6no+vTRuWMEziGwm3brA0wNM/zZP9qhOQ=
github.com/metacubex/cpu v0.1.1 h1:rRV5HGmeuGzjiKI3hYbL0dCd0qGwM7VUtk4ICXD06mI=
github.com/metacubex/cpu v0.1.1/go.mod h1:09VEt4dSRLR+bOA8l4w4NDuzGZ8n5dkMv7e8axgEeTU=
github.com/metacubex/edwards25519 v1.2.0 h1:pIQZLBsjQgg3Nl/c86YYFEUAbL5qQRnPq4LrgIw0KK4=
github.com/metacubex/edwards25519 v1.2.0/go.mod h1:NCQF3J/Ki7382FJuokwsywEIIEI/gro/3smyXgQJsx0=
github.com/metacubex/fswatch v0.1.1 h1:jqU7C/v+g0qc2RUFgmAOPoVvfl2BXXUXEumn6oQuxhU=
github.com/metacubex/fswatch v0.1.1/go.mod h1:czrTT7Zlbz7vWft8RQu9Qqh+JoX+Nnb+UabuyN1YsgI=
github.com/metacubex/gopacket v1.1.20-0.20230608035415-7e2f98a3e759 h1:cjd4biTvOzK9ubNCCkQ+ldc4YSH/rILn53l/xGBFHHI=
github.com/metacubex/gopacket v1.1.20-0.20230608035415-7e2f98a3e759/go.mod h1:UHOv2xu+RIgLwpXca7TLrXleEd4oR3sPatW6IF8wU88=
github.com/metacubex/gvisor v0.0.0-20251227095601-261ec1326fe8 h1:hUL81H0Ic/XIDkvtn9M1pmfDdfid7JzYQToY4Ps1TvQ=
github.com/metacubex/gvisor v0.0.0-20251227095601-261ec1326fe8/go.mod h1:8LpS0IJW1VmWzUm3ylb0e2SK5QDm5lO/2qwWLZgRpBU=
github.com/metacubex/hkdf v0.1.0 h1:fPA6VzXK8cU1foc/TOmGCDmSa7pZbxlnqhl3RNsthaA=
github.com/metacubex/hkdf v0.1.0/go.mod h1:3seEfds3smgTAXqUGn+tgEJH3uXdsUjOiduG/2EtvZ4=
github.com/metacubex/hpke v0.1.0 h1:gu2jUNhraehWi0P/z5HX2md3d7L1FhPQE6/Q0E9r9xQ=
github.com/metacubex/hpke v0.1.0/go.mod h1:vfDm6gfgrwlXUxKDkWbcE44hXtmc1uxLDm2BcR11b3U=
github.com/metacubex/http v0.1.2 h1:XxW+pMaGAvVveRqREbyWJJDDl9dRZQGJoyKBiPPPKs8=
github.com/metacubex/http v0.1.2/go.mod h1:Nxx0zZAo2AhRfanyL+fmmK6ACMtVsfpwIl1aFAik2Eg=
github.com/metacubex/kcp-go v0.0.0-20260105040817-550693377604 h1:hJwCVlE3ojViC35MGHB+FBr8TuIf3BUFn2EQ1VIamsI=
github.com/metacubex/kcp-go v0.0.0-20260105040817-550693377604/go.mod h1:lpmN3m269b3V5jFCWtffqBLS4U3QQoIid9ugtO+OhVc=
github.com/metacubex/mihomo v1.19.25-0.20260420062616-b3104a527d62 h1:GCTVwcJlPgNN7hWjzMVLpkzPjrK1VMyHkxZCP30H+zQ=
github.com/metacubex/mihomo v1.19.25-0.20260420062616-b3104a527d62/go.mod h1:lDIhZ/S6s+5Re045lE1NVMcjgUV4yovDUz7z9dfx7Xo=
github.com/metacubex/mlkem v0.1.0 h1:wFClitonSFcmipzzQvax75beLQU+D7JuC+VK1RzSL8I=
github.com/metacubex/mlkem v0.1.0/go.mod h1:amhaXZVeYNShuy9BILcR7P0gbeo/QLZsnqCdL8U2PDQ=
github.com/metacubex/qpack v0.6.0 h1:YqClGIMOpiRYLjV1qOs483Od08MdPgRnHjt90FuaAKw=
github.com/metacubex/qpack v0.6.0/go.mod h1:lKGSi7Xk94IMvHGOmxS9eIei3bvIqpOAImEBsaOwTkA=
github.com/metacubex/quic-go v0.59.1-0.20260413153657-53bb22f2c306 h1:HlGLmLsWJMLSu0CMI9z/BmEnithB4oXM5Rom6/0Qxtg=
github.com/metacubex/quic-go v0.59.1-0.20260413153657-53bb22f2c306/go.mod h1:oNzMrmylS897M3zSMuapIdwSwfq6F2qW01Z3NhVRJhk=
github.com/metacubex/randv2 v0.2.0 h1:uP38uBvV2SxYfLj53kuvAjbND4RUDfFJjwr4UigMiLs=
github.com/metacubex/randv2 v0.2.0/go.mod h1:kFi2SzrQ5WuneuoLLCMkABtiBu6VRrMrWFqSPyj2cxY=
github.com/metacubex/restls-client-go v0.1.7 h1:eCwiXCTQb5WJu9IlgYvDBA1OgrINv58dEe7hcN5H15k=
github.com/metacubex/restls-client-go v0.1.7/go.mod h1:BN/U52vPw7j8VTSh2vleD/MnmVKCov84mS5VcjVHH4g=
github.com/metacubex/sing v0.5.7 h1:8OC+fhKFSv/l9ehEhJRaZZAOuthfZo68SteBVLe8QqM=
github.com/metacubex/sing v0.5.7/go.mod h1:ypf0mjwlZm0sKdQSY+yQvmsbWa0hNPtkeqyRMGgoN+w=
github.com/metacubex/sing-mux v0.3.9 h1:/aoBD2+sK2qsXDlNDe3hkR0GZuFDtwIZhOeGUx9W0Yk=
github.com/metacubex/sing-mux v0.3.9/go.mod h1:8bT7ZKT3clRrJjYc/x5CRYibC1TX/bK73a3r3+2E+Fc=
github.com/metacubex/sing-quic v0.0.0-20260414034501-3ea3410d197a h1:977o0ZYYbiQAGuOxql7Q6UN3rEy59OyAE0tELq4gZfI=
github.com/metacubex/sing-quic v0.0.0-20260414034501-3ea3410d197a/go.mod h1:6ayFGfzzBE85csgQkM3gf4neFq6s0losHlPRSxY+nuk=
github.com/metacubex/sing-shadowsocks v0.2.12 h1:Wqzo8bYXrK5aWqxu/TjlTnYZzAKtKsaFQBdr6IHFaBE=
github.com/metacubex/sing-shadowsocks v0.2.12/go.mod h1:2e5EIaw0rxKrm1YTRmiMnDulwbGxH9hAFlrwQLQMQkU=
github.com/metacubex/sing-shadowsocks2 v0.2.7 h1:hSuuc0YpsfiqYqt1o+fP4m34BQz4e6wVj3PPBVhor3A=
github.com/metacubex/sing-shadowsocks2 v0.2.7/go.mod h1:vOEbfKC60txi0ca+yUlqEwOGc3Obl6cnSgx9Gf45KjE=
github.com/metacubex/sing-shadowtls v0.0.0-20250503063515-5d9f966d17a2 h1:gXU+MYPm7Wme3/OAY2FFzVq9d9GxPHOqu5AQfg/ddhI=
github.com/metacubex/sing-shadowtls v0.0.0-20250503063515-5d9f966d17a2/go.mod h1:mbfboaXauKJNIHJYxQRa+NJs4JU9NZfkA+I33dS2+9E=
github.com/metacubex/sing-vmess v0.2.5 h1:m9Zt5I27lB9fmLMZfism9sH2LcnAfShZfwSkf6/KJoE=
github.com/metacubex/sing-vmess v0.2.5/go.mod h1:AwtlzUgf8COe9tRYAKqWZ+leDH7p5U98a0ZUpYehl8Q=
github.com/metacubex/sing-wireguard v0.0.0-20250503063753-2dc62acc626f h1:Sr/DYKYofKHKc4GF3qkRGNuj6XA6c0eqPgEDN+VAsYU=
github.com/metacubex/sing-wireguard v0.0.0-20250503063753-2dc62acc626f/go.mod h1:jpAkVLPnCpGSfNyVmj6Cq4YbuZsFepm/Dc+9BAOcR80=
github.com/metacubex/smux v0.0.0-20260105030934-d0c8756d3141 h1:DK2l6m2Fc85H2BhiAPgbJygiWhesPlfGmF+9Vw6ARdk=
github.com/metacubex/smux v0.0.0-20260105030934-d0c8756d3141/go.mod h1:/yI4OiGOSn0SURhZdJF3CbtPg3nwK700bG8TZLMBvAg=
github.com/metacubex/tfo-go v0.0.0-20251130171125-413e892ac443 h1:H6TnfM12tOoTizYE/qBHH3nEuibIelmHI+BVSxVJr8o=
github.com/metacubex/tfo-go v0.0.0-20251130171125-413e892ac443/go.mod h1:l9oLnLoEXyGZ5RVLsh7QCC5XsouTUyKk4F2nLm2DHLw=
github.com/metacubex/tls v0.1.5 h1:ECcB83dj+zadnhlKcLnUUf1Sq6+vU0f/zoyU0+9oPTc=
github.com/metacubex/tls v0.1.5/go.mod h1:0XeVdL0cBw+8i5Hqy3lVeP9IyD/LFTq02ExvHM6rzEM=
github.com/metacubex/utls v1.8.4 h1:HmL9nUApDdWSkgUyodfwF6hSjtiwCGGdyhaSpEejKpg=
github.com/metacubex/utls v1.8.4/go.mod h1:kncGGVhFaoGn5M3pFe3SXhZCzsbCJayNOH4UEqTKTko=
github.com/metacubex/wireguard-go v0.0.0-20250820062549-a6cecdd7f57f h1:FGBPRb1zUabhPhDrlKEjQ9lgIwQ6cHL4x8M9lrERhbk=
github.com/metacubex/wireguard-go v0.0.0-20250820062549-a6cecdd7f57f/go.mod h1:oPGcV994OGJedmmxrcK9+ni7jUEMGhR+uVQAdaduIP4=
github.com/metacubex/yamux v0.0.0-20250918083631-dd5f17c0be49 h1:lhlqpYHopuTLx9xQt22kSA9HtnyTDmk5XjjQVCGHe2E=
github.com/metacubex/yamux v0.0.0-20250918083631-dd5f17c0be49/go.mod h1:MBeEa9IVBphH7vc3LNtW6ZujVXFizotPo3OEiHQ+TNU=
github.com/miekg/dns v1.1.67 h1:kg0EHj0G4bfT5/oOys6HhZw4vmMlnoZ+gDu8tJ/AlI0=
github.com/miekg/dns v1.1.67/go.mod h1:fujopn7TB3Pu3JM69XaawiU0wqjpL9/8xGop5UrTPps=
github.com/minio/crc64nvme v1.1.1 h1:8dwx/Pz49suywbO+auHCBpCtlW1OfpcLN7wYgVR6wAI=
github.com/minio/crc64nvme v1.1.1/go.mod h1:eVfm2fAzLlxMdUGc0EEBGSMmPwmXD5XiNRpnu9J3bvg=
github.com/minio/md5-simd v1.1.2 h1:Gdi1DZK69+ZVMoNHRXJyNcxrMA4dSxoYHZSQbirFg34=
github.com/minio/md5-simd v1.1.2/go.mod h1:MzdKDxYpY2BT9XQFocsiZf/NKVtR7nkE4RoEpN+20RM=
github.com/minio/minio-go/v7 v7.0.95 h1:ywOUPg+PebTMTzn9VDsoFJy32ZuARN9zhB+K3IYEvYU=
github.com/minio/minio-go/v7 v7.0.95/go.mod h1:wOOX3uxS334vImCNRVyIDdXX9OsXDm89ToynKgqUKlo=
github.com/modern-go/concurrent v0.0.0-20180228061459-e0a39a4cb421/go.mod h1:6dJC0mAP4ikYIbvyc7fijjWJddQyLn8Ig3JB5CqoB9Q=
github.com/modern-go/concurrent v0.0.0-20180306012644-bacd9c7ef1dd h1:TRLaZ9cD/w8PVh93nsPXa1VrQ6jlwL5oN8l14QlcNfg=
github.com/modern-go/concurrent v0.0.0-20180306012644-bacd9c7ef1dd/go.mod h1:6dJC0mAP4ikYIbvyc7fijjWJddQyLn8Ig3JB5CqoB9Q=
github.com/modern-go/reflect2 v1.0.2 h1:xBagoLtFs94CBntxluKeaWgTMpvLxC4ur3nMaC9Gz0M=
github.com/modern-go/reflect2 v1.0.2/go.mod h1:yWuevngMOJpCy52FWWMvUC8ws7m/LJsjYzDa0/r8luk=
github.com/mroth/weightedrand/v2 v2.1.0 h1:o1ascnB1CIVzsqlfArQQjeMy1U0NcIbBO5rfd5E/OeU=
github.com/mroth/weightedrand/v2 v2.1.0/go.mod h1:f2faGsfOGOwc1p94wzHKKZyTpcJUW7OJ/9U4yfiNAOU=
github.com/oasisprotocol/deoxysii v0.0.0-20220228165953-2091330c22b7 h1:1102pQc2SEPp5+xrS26wEaeb26sZy6k9/ZXlZN+eXE4=
github.com/oasisprotocol/deoxysii v0.0.0-20220228165953-2091330c22b7/go.mod h1:UqoUn6cHESlliMhOnKLWr+CBH+e3bazUPvFj1XZwAjs=
github.com/openacid/errors v0.8.1/go.mod h1:GUQEJJOJE3W9skHm8E8Y4phdl2LLEN8iD7c5gcGgdx0=
github.com/openacid/low v0.1.21 h1:Tr2GNu4N/+rGRYdOsEHOE89cxUIaDViZbVmKz29uKGo=
github.com/openacid/low v0.1.21/go.mod h1:q+MsKI6Pz2xsCkzV4BLj7NR5M4EX0sGz5AqotpZDVh0=
github.com/openacid/must v0.1.3/go.mod h1:luPiXCuJlEo3UUFQngVQokV0MPGryeYvtCbQPs3U1+I=
github.com/openacid/testkeys v0.1.6/go.mod h1:MfA7cACzBpbiwekivj8StqX0WIRmqlMsci1c37CA3Do=
github.com/pelletier/go-toml/v2 v2.2.4 h1:mye9XuhQ6gvn5h28+VilKrrPoQVanw5PMw/TB0t5Ec4=
github.com/pelletier/go-toml/v2 v2.2.4/go.mod h1:2gIqNv+qfxSVS7cM2xJQKtLSTLUE9V8t9Stt+h56mCY=
github.com/philhofer/fwd v1.2.0 h1:e6DnBTl7vGY+Gz322/ASL4Gyp1FspeMvx1RNDoToZuM=
github.com/philhofer/fwd v1.2.0/go.mod h1:RqIHx9QI14HlwKwm98g9Re5prTQ6LdeRQn+gXJFxsJM=
github.com/pierrec/lz4/v4 v4.1.22 h1:cKFw6uJDK+/gfw5BcDL0JL5aBsAFdsIT18eRtLj7VIU=
github.com/pierrec/lz4/v4 v4.1.22/go.mod h1:gZWDp/Ze/IJXGXf23ltt2EXimqmTUXEy0GFuRQyBid4=
github.com/pkg/errors v0.9.1/go.mod h1:bwawxfHBFNV+L2hUp1rHADufV3IMtnDRdf1r5NINEl0=
github.com/pmezard/go-difflib v1.0.0 h1:4DBwDE0NGyQoBHbLQYPwSUPoCMWR5BEzIk/f1lZbAQM=
github.com/pmezard/go-difflib v1.0.0/go.mod h1:iKH77koFhYxTK1pcRnkKkqfTogsbg7gZNVY4sRDYZ/4=
github.com/power-devops/perfstat v0.0.0-20240221224432-82ca36839d55 h1:o4JXh1EVt9k/+g42oCprj/FisM4qX9L3sZB3upGN2ZU=
github.com/power-devops/perfstat v0.0.0-20240221224432-82ca36839d55/go.mod h1:OmDBASR4679mdNQnz2pUhc2G8CO2JrUAVFDRBDP/hJE=
github.com/quic-go/qpack v0.6.0 h1:g7W+BMYynC1LbYLSqRt8PBg5Tgwxn214ZZR34VIOjz8=
github.com/quic-go/qpack v0.6.0/go.mod h1:lUpLKChi8njB4ty2bFLX2x4gzDqXwUpaO1DP9qMDZII=
github.com/quic-go/quic-go v0.59.0 h1:OLJkp1Mlm/aS7dpKgTc6cnpynnD2Xg7C1pwL6vy/SAw=
github.com/quic-go/quic-go v0.59.0/go.mod h1:upnsH4Ju1YkqpLXC305eW3yDZ4NfnNbmQRCMWS58IKU=
github.com/robfig/cron/v3 v3.0.1 h1:WdRxkvbJztn8LMz/QEvLN5sBU+xKpSqwwUO1Pjr4qDs=
github.com/robfig/cron/v3 v3.0.1/go.mod h1:eQICP3HwyT7UooqI/z+Ov+PtYAWygg1TEWWzGIFLtro=
github.com/rogpeppe/go-internal v1.10.0 h1:TMyTOH3F/DB16zRVcYyreMH6GnZZrwQVAoYjRBZyWFQ=
github.com/rogpeppe/go-internal v1.10.0/go.mod h1:UQnix2H7Ngw/k4C5ijL5+65zddjncjaFoBhdsK/akog=
github.com/rs/xid v1.6.0 h1:fV591PaemRlL6JfRxGDEPl69wICngIQ3shQtzfy2gxU=
github.com/rs/xid v1.6.0/go.mod h1:7XoLgs4eV+QndskICGsho+ADou8ySMSjJKDIan90Nz0=
github.com/samber/lo v1.53.0 h1:t975lj2py4kJPQ6haz1QMgtId2gtmfktACxIXArw3HM=
github.com/samber/lo v1.53.0/go.mod h1:4+MXEGsJzbKGaUEQFKBq2xtfuznW9oz/WrgyzMzRoM0=
github.com/shirou/gopsutil/v4 v4.25.8 h1:NnAsw9lN7587WHxjJA9ryDnqhJpFH6A+wagYWTOH970=
github.com/shirou/gopsutil/v4 v4.25.8/go.mod h1:q9QdMmfAOVIw7a+eF86P7ISEU6ka+NLgkUxlopV4RwI=
github.com/sina-ghaderi/poly1305 v0.0.0-20220724002748-c5926b03988b h1:rXHg9GrUEtWZhEkrykicdND3VPjlVbYiLdX9J7gimS8=
github.com/sina-ghaderi/poly1305 v0.0.0-20220724002748-c5926b03988b/go.mod h1:X7qrxNQViEaAN9LNZOPl9PfvQtp3V3c7LTo0dvGi0fM=
github.com/sina-ghaderi/rabaead v0.0.0-20220730151906-ab6e06b96e8c h1:DjKMC30y6yjG3IxDaeAj3PCoRr+IsO+bzyT+Se2m2Hk=
github.com/sina-ghaderi/rabaead v0.0.0-20220730151906-ab6e06b96e8c/go.mod h1:NV/a66PhhWYVmUMaotlXJ8fIEFB98u+c8l/CQIEFLrU=
github.com/sina-ghaderi/rabbitio v0.0.0-20220730151941-9ce26f4f872e h1:ur8uMsPIFG3i4Gi093BQITvwH9znsz2VUZmnmwHvpIo=
github.com/sina-ghaderi/rabbitio v0.0.0-20220730151941-9ce26f4f872e/go.mod h1:+e5fBW3bpPyo+3uLo513gIUblc03egGjMM0+5GKbzK8=
github.com/sirupsen/logrus v1.9.4 h1:TsZE7l11zFCLZnZ+teH4Umoq5BhEIfIzfRDZ1Uzql2w=
github.com/sirupsen/logrus v1.9.4/go.mod h1:ftWc9WdOfJ0a92nsE2jF5u5ZwH8Bv2zdeOC42RjbV2g=
github.com/stretchr/objx v0.1.0/go.mod h1:HFkY916IF+rwdDfMAkV7OtwuqBVzrE8GR6GFx+wExME=
github.com/stretchr/objx v0.4.0/go.mod h1:YvHI0jy2hoMjB+UWwv71VJQ9isScKT/TqJzVSSt89Yw=
github.com/stretchr/objx v0.5.0/go.mod h1:Yh+to48EsGEfYuaHDzXPcE3xhTkx73EhmCGUpEOglKo=
github.com/stretchr/objx v0.5.2/go.mod h1:FRsXN1f5AsAjCGJKqEizvkpNtU+EGNCLh3NxZ/8L+MA=
github.com/stretchr/testify v1.3.0/go.mod h1:M5WIy9Dh21IEIfnGCwXGc5bZfKNJtfHm1UVUgZn+9EI=
github.com/stretchr/testify v1.6.1/go.mod h1:6Fq8oRcR53rry900zMqJjRRixrwX3KX962/h/Wwjteg=
github.com/stretchr/testify v1.7.0/go.mod h1:6Fq8oRcR53rry900zMqJjRRixrwX3KX962/h/Wwjteg=
github.com/stretchr/testify v1.7.1/go.mod h1:6Fq8oRcR53rry900zMqJjRRixrwX3KX962/h/Wwjteg=
github.com/stretchr/testify v1.8.0/go.mod h1:yNjHg4UonilssWZ8iaSj1OCr/vHnekPRkoO+kdMU+MU=
github.com/stretchr/testify v1.8.4/go.mod h1:sz/lmYIOXD/1dqDmKjjqLyZ2RngseejIcXlSw2iwfAo=
github.com/stretchr/testify v1.10.0/go.mod h1:r2ic/lqez/lEtzL7wO/rwa5dbSLXVDPFyf8C91i36aY=
github.com/stretchr/testify v1.11.1 h1:7s2iGBzp5EwR7/aIZr8ao5+dra3wiQyKjjFuvgVKu7U=
github.com/stretchr/testify v1.11.1/go.mod h1:wZwfW3scLgRK+23gO65QZefKpKQRnfz6sD981Nm4B6U=
github.com/tinylib/msgp v1.4.0 h1:SYOeDRiydzOw9kSiwdYp9UcBgPFtLU2WDHaJXyHruf8=
github.com/tinylib/msgp v1.4.0/go.mod h1:cvjFkb4RiC8qSBOPMGPSzSAx47nAsfhLVTCZZNuHv5o=
github.com/tklauser/go-sysconf v0.3.15 h1:VE89k0criAymJ/Os65CSn1IXaol+1wrsFHEB8Ol49K4=
github.com/tklauser/go-sysconf v0.3.15/go.mod h1:Dmjwr6tYFIseJw7a3dRLJfsHAMXZ3nEnL/aZY+0IuI4=
github.com/tklauser/numcpus v0.10.0 h1:18njr6LDBk1zuna922MgdjQuJFjrdppsZG60sHGfjso=
github.com/tklauser/numcpus v0.10.0/go.mod h1:BiTKazU708GQTYF4mB+cmlpT2Is1gLk7XVuEeem8LsQ=
github.com/twitchyliquid64/golang-asm v0.15.1 h1:SU5vSMR7hnwNxj24w34ZyCi/FmDZTkS4MhqMhdFk5YI=
github.com/twitchyliquid64/golang-asm v0.15.1/go.mod h1:a1lVb/DtPvCB8fslRZhAngC2+aY1QWCk3Cedj/Gdt08=
github.com/u-root/uio v0.0.0-20240224005618-d2acac8f3701 h1:pyC9PaHYZFgEKFdlp3G8RaCKgVpHZnecvArXvPXcFkM=
github.com/u-root/uio v0.0.0-20240224005618-d2acac8f3701/go.mod h1:P3a5rG4X7tI17Nn3aOIAYr5HbIMukwXG0urG0WuL8OA=
github.com/ugorji/go/codec v1.3.1 h1:waO7eEiFDwidsBN6agj1vJQ4AG7lh2yqXyOXqhgQuyY=
github.com/ugorji/go/codec v1.3.1/go.mod h1:pRBVtBSKl77K30Bv8R2P+cLSGaTtex6fsA2Wjqmfxj4=
github.com/vishvananda/netlink v1.1.0/go.mod h1:cTgwzPIzzgDAYoQrMm0EdrjRUBkTqKYppBueQtXaqoE=
github.com/vishvananda/netns v0.0.0-20191106174202-0a2b9b5464df/go.mod h1:JP3t17pCcGlemwknint6hfoeCVQrEMVwxRLRjXpq+BU=
github.com/vishvananda/netns v0.0.0-20210104183010-2eb08e3e575f/go.mod h1:DD4vA1DwXk04H54A1oHXtwZmA0grkVMdPxx/VGLCah0=
github.com/vmihailenco/msgpack/v5 v5.4.1 h1:cQriyiUvjTwOHg8QZaPihLWeRAAVoCpE00IUPn0Bjt8=
github.com/vmihailenco/msgpack/v5 v5.4.1/go.mod h1:GaZTsDaehaPpQVyxrf5mtQlH+pc21PIudVV/E3rRQok=
github.com/vmihailenco/tagparser/v2 v2.0.0 h1:y09buUbR+b5aycVFQs/g70pqKVZNBmxwAhO7/IwNM9g=
github.com/vmihailenco/tagparser/v2 v2.0.0/go.mod h1:Wri+At7QHww0WTrCBeu4J6bNtoV6mEfg5OIWRZA9qds=
github.com/xtaci/lossyconn v0.0.0-20190602105132-8df528c0c9ae h1:J0GxkO96kL4WF+AIT3M4mfUVinOCPgf2uUWYFUzN0sM=
github.com/xtaci/lossyconn v0.0.0-20190602105132-8df528c0c9ae/go.mod h1:gXtu8J62kEgmN++bm9BVICuT/e8yiLI2KFobd/TRFsE=
github.com/xyproto/randomstring v1.0.5 h1:YtlWPoRdgMu3NZtP45drfy1GKoojuR7hmRcnhZqKjWU=
github.com/xyproto/randomstring v1.0.5/go.mod h1:rgmS5DeNXLivK7YprL0pY+lTuhNQW3iGxZ18UQApw/E=
github.com/yosida95/uritemplate/v3 v3.0.2 h1:Ed3Oyj9yrmi9087+NczuL5BwkIc4wvTb5zIM+UJPGz4=
github.com/yosida95/uritemplate/v3 v3.0.2/go.mod h1:ILOh0sOhIJR3+L/8afwt/kE++YT040gmv5BQTMR2HP4=
github.com/yusufpapurcu/wmi v1.2.4 h1:zFUKzehAFReQwLys1b/iSMl+JQGSCSjtVqQn9bBrPo0=
github.com/yusufpapurcu/wmi v1.2.4/go.mod h1:SBZ9tNy3G9/m5Oi98Zks0QjeHVDvuK0qfxQmPyzfmi0=
gitlab.com/go-extension/aes-ccm v0.0.0-20230221065045-e58665ef23c7 h1:UNrDfkQqiEYzdMlNsVvBYOAJWZjdktqFE9tQh5BT2+4=
gitlab.com/go-extension/aes-ccm v0.0.0-20230221065045-e58665ef23c7/go.mod h1:E+rxHvJG9H6PUdzq9NRG6csuLN3XUx98BfGOVWNYnXs=
gitlab.com/yawning/bsaes.git v0.0.0-20190805113838-0a714cd429ec h1:FpfFs4EhNehiVfzQttTuxanPIT43FtkkCFypIod8LHo=
gitlab.com/yawning/bsaes.git v0.0.0-20190805113838-0a714cd429ec/go.mod h1:BZ1RAoRPbCxum9Grlv5aeksu2H8BiKehBYooU2LFiOQ=
go.mongodb.org/mongo-driver/v2 v2.5.0 h1:yXUhImUjjAInNcpTcAlPHiT7bIXhshCTL3jVBkF3xaE=
go.mongodb.org/mongo-driver/v2 v2.5.0/go.mod h1:yOI9kBsufol30iFsl1slpdq1I0eHPzybRWdyYUs8K/0=
go.uber.org/mock v0.6.0 h1:hyF9dfmbgIX5EfOdasqLsWD6xqpNZlXblLB/Dbnwv3Y=
go.uber.org/mock v0.6.0/go.mod h1:KiVJ4BqZJaMj4svdfmHM0AUx4NJYO8ZNpPnZn1Z+BBU=
go4.org/netipx v0.0.0-20231129151722-fdeea329fbba h1:0b9z3AuHCjxk0x/opv64kcgZLBseWJUpBw5I82+2U4M=
go4.org/netipx v0.0.0-20231129151722-fdeea329fbba/go.mod h1:PLyyIXexvUFg3Owu6p/WfdlivPbZJsZdgWZlrGope/Y=
golang.org/x/arch v0.22.0 h1:c/Zle32i5ttqRXjdLyyHZESLD/bB90DCU1g9l/0YBDI=
golang.org/x/arch v0.22.0/go.mod h1:dNHoOeKiyja7GTvF9NJS1l3Z2yntpQNzgrjh1cU103A=
golang.org/x/crypto v0.0.0-20190308221718-c2843e01d9a2/go.mod h1:djNgcEr1/C05ACkg1iLfiJU5Ep61QUkGW8qpdssI0+w=
golang.org/x/crypto v0.0.0-20191011191535-87dc89f01550/go.mod h1:yigFU9vqHzYiE8UmvKecakEJjdnWj3jj499lnFckfCI=
golang.org/x/crypto v0.48.0 h1:/VRzVqiRSggnhY7gNRxPauEQ5Drw9haKdM0jqfcCFts=
golang.org/x/crypto v0.48.0/go.mod h1:r0kV5h3qnFPlQnBSrULhlsRfryS2pmewsg+XfMgkVos=
golang.org/x/exp v0.0.0-20250718183923-645b1fa84792 h1:R9PFI6EUdfVKgwKjZef7QIwGcBKu86OEFpJ9nUEP2l4=
golang.org/x/exp v0.0.0-20250718183923-645b1fa84792/go.mod h1:A+z0yzpGtvnG90cToK5n2tu8UJVP2XUATh+r+sfOOOc=
golang.org/x/lint v0.0.0-20200302205851-738671d3881b/go.mod h1:3xt1FjdF8hUf6vQPIChWIBhFzV8gjjsPE/fR3IyQdNY=
golang.org/x/mod v0.1.1-0.20191105210325-c90efee705ee/go.mod h1:QqPTAvyqsEbceGzBzNggFXnrqF1CaUcvgkdR5Ot7KZg=
golang.org/x/mod v0.33.0 h1:tHFzIWbBifEmbwtGz65eaWyGiGZatSrT9prnU8DbVL8=
golang.org/x/mod v0.33.0/go.mod h1:swjeQEj+6r7fODbD2cqrnje9PnziFuw4bmLbBZFrQ5w=
golang.org/x/net v0.0.0-20190404232315-eb5bcb51f2a3/go.mod h1:t9HGtf8HONx5eT2rtn7q6eTqICYqUVnKs3thJo3Qplg=
golang.org/x/net v0.0.0-20190620200207-3b0461eec859/go.mod h1:z5CRVTTTmAJ677TzLLGU+0bjPO0LkuOLi4/5GtJWs/s=
golang.org/x/net v0.51.0 h1:94R/GTO7mt3/4wIKpcR5gkGmRLOuE/2hNGeWq/GBIFo=
golang.org/x/net v0.51.0/go.mod h1:aamm+2QF5ogm02fjy5Bb7CQ0WMt1/WVM7FtyaTLlA9Y=
golang.org/x/sync v0.0.0-20190423024810-112230192c58/go.mod h1:RxMgew5VJxzue5/jJTE5uejpjVlOe/izrB70Jof72aM=
golang.org/x/sync v0.20.0 h1:e0PTpb7pjO8GAtTs2dQ6jYa5BWYlMuX047Dco/pItO4=
golang.org/x/sync v0.20.0/go.mod h1:9xrNwdLfx4jkKbNva9FpL6vEN7evnE43NNNJQ2LF3+0=
golang.org/x/sys v0.0.0-20190215142949-d0b11bdaac8a/go.mod h1:STP8DvDyc/dI5b8T5hshtkjS+E42TnysNCUPdjciGhY=
golang.org/x/sys v0.0.0-20190412213103-97732733099d/go.mod h1:h1NjWce9XRLGQEsW7wpKNCjG9DtNlClVuFLEZdDNbEs=
golang.org/x/sys v0.0.0-20190606203320-7fc4e5ec1444/go.mod h1:h1NjWce9XRLGQEsW7wpKNCjG9DtNlClVuFLEZdDNbEs=
golang.org/x/sys v0.0.0-20190804053845-51ab0e2deafa/go.mod h1:h1NjWce9XRLGQEsW7wpKNCjG9DtNlClVuFLEZdDNbEs=
golang.org/x/sys v0.0.0-20190916202348-b4ddaad3f8a3/go.mod h1:h1NjWce9XRLGQEsW7wpKNCjG9DtNlClVuFLEZdDNbEs=
golang.org/x/sys v0.0.0-20200217220822-9197077df867/go.mod h1:h1NjWce9XRLGQEsW7wpKNCjG9DtNlClVuFLEZdDNbEs=
golang.org/x/sys v0.0.0-20201204225414-ed752295db88/go.mod h1:h1NjWce9XRLGQEsW7wpKNCjG9DtNlClVuFLEZdDNbEs=
golang.org/x/sys v0.1.0/go.mod h1:oPkhp1MJrh7nUepCBck5+mAzfO9JrbApNNgaTdGDITg=
golang.org/x/sys v0.6.0/go.mod h1:oPkhp1MJrh7nUepCBck5+mAzfO9JrbApNNgaTdGDITg=
golang.org/x/sys v0.41.0 h1:Ivj+2Cp/ylzLiEU89QhWblYnOE9zerudt9Ftecq2C6k=
golang.org/x/sys v0.41.0/go.mod h1:OgkHotnGiDImocRcuBABYBEXf8A9a87e/uXjp9XT3ks=
golang.org/x/term v0.40.0 h1:36e4zGLqU4yhjlmxEaagx2KuYbJq3EwY8K943ZsHcvg=
golang.org/x/term v0.40.0/go.mod h1:w2P8uVp06p2iyKKuvXIm7N/y0UCRt3UfJTfZ7oOpglM=
golang.org/x/text v0.3.0/go.mod h1:NqM8EUOU14njkJ3fqMW+pc6Ldnwhi/IjpwHt7yyuwOQ=
golang.org/x/text v0.35.0 h1:JOVx6vVDFokkpaq1AEptVzLTpDe9KGpj5tR4/X+ybL8=
golang.org/x/text v0.35.0/go.mod h1:khi/HExzZJ2pGnjenulevKNX1W67CUy0AsXcNubPGCA=
golang.org/x/time v0.12.0 h1:ScB/8o8olJvc+CQPWrK3fPZNfh7qgwCrY0zJmoEQLSE=
golang.org/x/time v0.12.0/go.mod h1:CDIdPxbZBQxdj6cxyCIdrNogrJKMJ7pr37NYpMcMDSg=
golang.org/x/tools v0.0.0-20200130002326-2f3ba24bd6e7/go.mod h1:TB2adYChydJhpapKDTa4BR/hXlZSLoq2Wpct/0txZ28=
golang.org/x/tools v0.42.0 h1:uNgphsn75Tdz5Ji2q36v/nsFSfR/9BRFvqhGBaJGd5k=
golang.org/x/tools v0.42.0/go.mod h1:Ma6lCIwGZvHK6XtgbswSoWroEkhugApmsXyrUmBhfr0=
golang.org/x/xerrors v0.0.0-20191011141410-1b5146add898/go.mod h1:I/5z698sn9Ka8TeJc9MKroUUfqBBauWjQqLJ2OPfmY0=
google.golang.org/protobuf v1.36.10 h1:AYd7cD/uASjIL6Q9LiTjz8JLcrh/88q5UObnmY3aOOE=
google.golang.org/protobuf v1.36.10/go.mod h1:HTf+CrKn2C3g5S8VImy6tdcUvCska2kB7j23XfzDpco=
gopkg.in/check.v1 v0.0.0-20161208181325-20d25e280405/go.mod h1:Co6ibVJAznAaIkqp8huTwlJQCZ016jof/cbN4VW5Yz0=
gopkg.in/check.v1 v1.0.0-20201130134442-10cb98267c6c h1:Hei/4ADfdWqJk1ZMxUNpqntNwaWcugrBjAiHlqqRiVk=
gopkg.in/check.v1 v1.0.0-20201130134442-10cb98267c6c/go.mod h1:JHkPIbrfpd72SG/EVd6muEfDQjcINNoR0C8j2r3qZ4Q=
gopkg.in/natefinch/lumberjack.v2 v2.2.1 h1:bBRl1b0OH9s/DuPhuXpNl+VtCaJXFZ5/uEFST95x9zc=
gopkg.in/natefinch/lumberjack.v2 v2.2.1/go.mod h1:YD8tP3GAjkrDg1eZH7EGmyESg/lsYskCTPBJVb9jqSc=
gopkg.in/yaml.v3 v3.0.0-20200313102051-9f266ea9e77c/go.mod h1:K4uyk7z7BCEPqu6E+C64Yfv1cQ7kz7rIZviUmN+EgEM=
gopkg.in/yaml.v3 v3.0.1 h1:fxVm/GzAzEWqLHuvctI91KS9hhNmmWOoWu0XTYJS7CA=
gopkg.in/yaml.v3 v3.0.1/go.mod h1:K4uyk7z7BCEPqu6E+C64Yfv1cQ7kz7rIZviUmN+EgEM=
